// !$*UTF8*$!
{
	archiveVersion = 1;
	classes = {
	};
	objectVersion = 77;
	objects = {

/* Begin PBXBuildFile section */
		DEB5C6C32D64CB7800FA55B1 /* Info.plist in Resources */ = {isa = PBXBuildFile; fileRef = DEB5C6C22D64CB7800FA55B1 /* Info.plist */; };
		DEB5C6C62D64D0BD00FA55B1 /* GoogleGenerativeAI in Frameworks */ = {isa = PBXBuildFile; productRef = DEB5C6C52D64D0BD00FA55B1 /* GoogleGenerativeAI */; };
/* End PBXBuildFile section */

/* Begin PBXContainerItemProxy section */
		DEB5C6A42D64C81C00FA55B1 /* PBXContainerItemProxy */ = {
			isa = PBXContainerItemProxy;
			containerPortal = DEB5C68A2D64C81B00FA55B1 /* Project object */;
			proxyType = 1;
			remoteGlobalIDString = DEB5C6912D64C81B00FA55B1;
			remoteInfo = ClipboardAI;
		};
		DEB5C6AE2D64C81C00FA55B1 /* PBXContainerItemProxy */ = {
			isa = PBXContainerItemProxy;
			containerPortal = DEB5C68A2D64C81B00FA55B1 /* Project object */;
			proxyType = 1;
			remoteGlobalIDString = DEB5C6912D64C81B00FA55B1;
			remoteInfo = ClipboardAI;
		};
/* End PBXContainerItemProxy section */

/* Begin PBXFileReference section */
		DEB5C6922D64C81B00FA55B1 /* ClipboardAI.app */ = {isa = PBXFileReference; explicitFileType = wrapper.application; includeInIndex = 0; path = ClipboardAI.app; sourceTree = BUILT_PRODUCTS_DIR; };
		DEB5C6A32D64C81C00FA55B1 /* ClipboardAITests.xctest */ = {isa = PBXFileReference; explicitFileType = wrapper.cfbundle; includeInIndex = 0; path = ClipboardAITests.xctest; sourceTree = BUILT_PRODUCTS_DIR; };
		DEB5C6AD2D64C81C00FA55B1 /* ClipboardAIUITests.xctest */ = {isa = PBXFileReference; explicitFileType = wrapper.cfbundle; includeInIndex = 0; path = ClipboardAIUITests.xctest; sourceTree = BUILT_PRODUCTS_DIR; };
		DEB5C6C22D64CB7800FA55B1 /* Info.plist */ = {isa = PBXFileReference; lastKnownFileType = text.plist.xml; path = Info.plist; sourceTree = "<group>"; };
/* End PBXFileReference section */

/* Begin PBXFileSystemSynchronizedRootGroup section */
		DEB5C6942D64C81B00FA55B1 /* ClipboardAI */ = {
			isa = PBXFileSystemSynchronizedRootGroup;
			path = ClipboardAI;
			sourceTree = "<group>";
		};
		DEB5C6A62D64C81C00FA55B1 /* ClipboardAITests */ = {
			isa = PBXFileSystemSynchronizedRootGroup;
			path = ClipboardAITests;
			sourceTree = "<group>";
		};
		DEB5C6B02D64C81C00FA55B1 /* ClipboardAIUITests */ = {
			isa = PBXFileSystemSynchronizedRootGroup;
			path = ClipboardAIUITests;
			sourceTree = "<group>";
		};
/* End PBXFileSystemSynchronizedRootGroup section */

/* Begin PBXFrameworksBuildPhase section */
		DEB5C68F2D64C81B00FA55B1 /* Frameworks */ = {
			isa = PBXFrameworksBuildPhase;
			buildActionMask = 2147483647;
			files = (
				DEB5C6C62D64D0BD00FA55B1 /* GoogleGenerativeAI in Frameworks */,
			);
			runOnlyForDeploymentPostprocessing = 0;
		};
		DEB5C6A02D64C81C00FA55B1 /* Frameworks */ = {
			isa = PBXFrameworksBuildPhase;
			buildActionMask = 2147483647;
			files = (
			);
			runOnlyForDeploymentPostprocessing = 0;
		};
		DEB5C6AA2D64C81C00FA55B1 /* Frameworks */ = {
			isa = PBXFrameworksBuildPhase;
			buildActionMask = 2147483647;
			files = (
			);
			runOnlyForDeploymentPostprocessing = 0;
		};
/* End PBXFrameworksBuildPhase section */

/* Begin PBXGroup section */
		DEB5C6892D64C81B00FA55B1 = {
			isa = PBXGroup;
			children = (
				DEB5C6C22D64CB7800FA55B1 /* Info.plist */,
				DEB5C6942D64C81B00FA55B1 /* ClipboardAI */,
				DEB5C6A62D64C81C00FA55B1 /* ClipboardAITests */,
				DEB5C6B02D64C81C00FA55B1 /* ClipboardAIUITests */,
				DEB5C6932D64C81B00FA55B1 /* Products */,
			);
			sourceTree = "<group>";
		};
		DEB5C6932D64C81B00FA55B1 /* Products */ = {
			isa = PBXGroup;
			children = (
				DEB5C6922D64C81B00FA55B1 /* ClipboardAI.app */,
				DEB5C6A32D64C81C00FA55B1 /* ClipboardAITests.xctest */,
				DEB5C6AD2D64C81C00FA55B1 /* ClipboardAIUITests.xctest */,
			);
			name = Products;
			sourceTree = "<group>";
		};
/* End PBXGroup section */

/* Begin PBXNativeTarget section */
		DEB5C6912D64C81B00FA55B1 /* ClipboardAI */ = {
			isa = PBXNativeTarget;
			buildConfigurationList = DEB5C6B72D64C81C00FA55B1 /* Build configuration list for PBXNativeTarget "ClipboardAI" */;
			buildPhases = (
				DEB5C68E2D64C81B00FA55B1 /* Sources */,
				DEB5C68F2D64C81B00FA55B1 /* Frameworks */,
				DEB5C6902D64C81B00FA55B1 /* Resources */,
			);
			buildRules = (
			);
			dependencies = (
			);
			fileSystemSynchronizedGroups = (
				DEB5C6942D64C81B00FA55B1 /* ClipboardAI */,
			);
			name = ClipboardAI;
			packageProductDependencies = (
				DEB5C6C52D64D0BD00FA55B1 /* GoogleGenerativeAI */,
			);
			productName = ClipboardAI;
			productReference = DEB5C6922D64C81B00FA55B1 /* ClipboardAI.app */;
			productType = "com.apple.product-type.application";
		};
		DEB5C6A22D64C81C00FA55B1 /* ClipboardAITests */ = {
			isa = PBXNativeTarget;
			buildConfigurationList = DEB5C6BA2D64C81C00FA55B1 /* Build configuration list for PBXNativeTarget "ClipboardAITests" */;
			buildPhases = (
				DEB5C69F2D64C81C00FA55B1 /* Sources */,
				DEB5C6A02D64C81C00FA55B1 /* Frameworks */,
				DEB5C6A12D64C81C00FA55B1 /* Resources */,
			);
			buildRules = (
			);
			dependencies = (
				DEB5C6A52D64C81C00FA55B1 /* PBXTargetDependency */,
			);
			fileSystemSynchronizedGroups = (
				DEB5C6A62D64C81C00FA55B1 /* ClipboardAITests */,
			);
			name = ClipboardAITests;
			packageProductDependencies = (
			);
			productName = ClipboardAITests;
			productReference = DEB5C6A32D64C81C00FA55B1 /* ClipboardAITests.xctest */;
			productType = "com.apple.product-type.bundle.unit-test";
		};
		DEB5C6AC2D64C81C00FA55B1 /* ClipboardAIUITests */ = {
			isa = PBXNativeTarget;
			buildConfigurationList = DEB5C6BD2D64C81C00FA55B1 /* Build configuration list for PBXNativeTarget "ClipboardAIUITests" */;
			buildPhases = (
				DEB5C6A92D64C81C00FA55B1 /* Sources */,
				DEB5C6AA2D64C81C00FA55B1 /* Frameworks */,
				DEB5C6AB2D64C81C00FA55B1 /* Resources */,
			);
			buildRules = (
			);
			dependencies = (
				DEB5C6AF2D64C81C00FA55B1 /* PBXTargetDependency */,
			);
			fileSystemSynchronizedGroups = (
				DEB5C6B02D64C81C00FA55B1 /* ClipboardAIUITests */,
			);
			name = ClipboardAIUITests;
			packageProductDependencies = (
			);
			productName = ClipboardAIUITests;
			productReference = DEB5C6AD2D64C81C00FA55B1 /* ClipboardAIUITests.xctest */;
			productType = "com.apple.product-type.bundle.ui-testing";
		};
/* End PBXNativeTarget section */

/* Begin PBXProject section */
		DEB5C68A2D64C81B00FA55B1 /* Project object */ = {
			isa = PBXProject;
			attributes = {
				BuildIndependentTargetsInParallel = 1;
				LastSwiftUpdateCheck = 1620;
				LastUpgradeCheck = 1620;
				TargetAttributes = {
					DEB5C6912D64C81B00FA55B1 = {
						CreatedOnToolsVersion = 16.2;
					};
					DEB5C6A22D64C81C00FA55B1 = {
						CreatedOnToolsVersion = 16.2;
						TestTargetID = DEB5C6912D64C81B00FA55B1;
					};
					DEB5C6AC2D64C81C00FA55B1 = {
						CreatedOnToolsVersion = 16.2;
						TestTargetID = DEB5C6912D64C81B00FA55B1;
					};
				};
			};
			buildConfigurationList = DEB5C68D2D64C81B00FA55B1 /* Build configuration list for PBXProject "ClipboardAI" */;
			developmentRegion = en;
			hasScannedForEncodings = 0;
			knownRegions = (
				en,
				Base,
			);
			mainGroup = DEB5C6892D64C81B00FA55B1;
			minimizedProjectReferenceProxies = 1;
			packageReferences = (
				DEB5C6C42D64D0BD00FA55B1 /* XCRemoteSwiftPackageReference "generative-ai-swift" */,
			);
			preferredProjectObjectVersion = 77;
			productRefGroup = DEB5C6932D64C81B00FA55B1 /* Products */;
			projectDirPath = "";
			projectRoot = "";
			targets = (
				DEB5C6912D64C81B00FA55B1 /* ClipboardAI */,
				DEB5C6A22D64C81C00FA55B1 /* ClipboardAITests */,
				DEB5C6AC2D64C81C00FA55B1 /* ClipboardAIUITests */,
			);
		};
/* End PBXProject section */

/* Begin PBXResourcesBuildPhase section */
		DEB5C6902D64C81B00FA55B1 /* Resources */ = {
			isa = PBXResourcesBuildPhase;
			buildActionMask = 2147483647;
			files = (
				DEB5C6C32D64CB7800FA55B1 /* Info.plist in Resources */,
			);
			runOnlyForDeploymentPostprocessing = 0;
		};
		DEB5C6A12D64C81C00FA55B1 /* Resources */ = {
			isa = PBXResourcesBuildPhase;
			buildActionMask = 2147483647;
			files = (
			);
			runOnlyForDeploymentPostprocessing = 0;
		};
		DEB5C6AB2D64C81C00FA55B1 /* Resources */ = {
			isa = PBXResourcesBuildPhase;
			buildActionMask = 2147483647;
			files = (
			);
			runOnlyForDeploymentPostprocessing = 0;
		};
/* End PBXResourcesBuildPhase section */

/* Begin PBXSourcesBuildPhase section */
		DEB5C68E2D64C81B00FA55B1 /* Sources */ = {
			isa = PBXSourcesBuildPhase;
			buildActionMask = 2147483647;
			files = (
			);
			runOnlyForDeploymentPostprocessing = 0;
		};
		DEB5C69F2D64C81C00FA55B1 /* Sources */ = {
			isa = PBXSourcesBuildPhase;
			buildActionMask = 2147483647;
			files = (
			);
			runOnlyForDeploymentPostprocessing = 0;
		};
		DEB5C6A92D64C81C00FA55B1 /* Sources */ = {
			isa = PBXSourcesBuildPhase;
			buildActionMask = 2147483647;
			files = (
			);
			runOnlyForDeploymentPostprocessing = 0;
		};
/* End PBXSourcesBuildPhase section */

/* Begin PBXTargetDependency section */
		DEB5C6A52D64C81C00FA55B1 /* PBXTargetDependency */ = {
			isa = PBXTargetDependency;
			target = DEB5C6912D64C81B00FA55B1 /* ClipboardAI */;
			targetProxy = DEB5C6A42D64C81C00FA55B1 /* PBXContainerItemProxy */;
		};
		DEB5C6AF2D64C81C00FA55B1 /* PBXTargetDependency */ = {
			isa = PBXTargetDependency;
			target = DEB5C6912D64C81B00FA55B1 /* ClipboardAI */;
			targetProxy = DEB5C6AE2D64C81C00FA55B1 /* PBXContainerItemProxy */;
		};
/* End PBXTargetDependency section */

/* Begin XCBuildConfiguration section */
		DEB5C6B52D64C81C00FA55B1 /* Debug */ = {
			isa = XCBuildConfiguration;
			buildSettings = {
				ALWAYS_SEARCH_USER_PATHS = NO;
				ASSETCATALOG_COMPILER_GENERATE_SWIFT_ASSET_SYMBOL_EXTENSIONS = YES;
				CLANG_ANALYZER_NONNULL = YES;
				CLANG_ANALYZER_NUMBER_OBJECT_CONVERSION = YES_AGGRESSIVE;
				CLANG_CXX_LANGUAGE_STANDARD = "gnu++20";
				CLANG_ENABLE_MODULES = YES;
				CLANG_ENABLE_OBJC_ARC = YES;
				CLANG_ENABLE_OBJC_WEAK = YES;
				CLANG_WARN_BLOCK_CAPTURE_AUTORELEASING = YES;
				CLANG_WARN_BOOL_CONVERSION = YES;
				CLANG_WARN_COMMA = YES;
				CLANG_WARN_CONSTANT_CONVERSION = YES;
				CLANG_WARN_DEPRECATED_OBJC_IMPLEMENTATIONS = YES;
				CLANG_WARN_DIRECT_OBJC_ISA_USAGE = YES_ERROR;
				CLANG_WARN_DOCUMENTATION_COMMENTS = YES;
				CLANG_WARN_EMPTY_BODY = YES;
				CLANG_WARN_ENUM_CONVERSION = YES;
				CLANG_WARN_INFINITE_RECURSION = YES;
				CLANG_WARN_INT_CONVERSION = YES;
				CLANG_WARN_NON_LITERAL_NULL_CONVERSION = YES;
				CLANG_WARN_OBJC_IMPLICIT_RETAIN_SELF = YES;
				CLANG_WARN_OBJC_LITERAL_CONVERSION = YES;
				CLANG_WARN_OBJC_ROOT_CLASS = YES_ERROR;
				CLANG_WARN_QUOTED_INCLUDE_IN_FRAMEWORK_HEADER = YES;
				CLANG_WARN_RANGE_LOOP_ANALYSIS = YES;
				CLANG_WARN_STRICT_PROTOTYPES = YES;
				CLANG_WARN_SUSPICIOUS_MOVE = YES;
				CLANG_WARN_UNGUARDED_AVAILABILITY = YES_AGGRESSIVE;
				CLANG_WARN_UNREACHABLE_CODE = YES;
				CLANG_WARN__DUPLICATE_METHOD_MATCH = YES;
				COPY_PHASE_STRIP = NO;
				DEBUG_INFORMATION_FORMAT = dwarf;
				ENABLE_STRICT_OBJC_MSGSEND = YES;
				ENABLE_TESTABILITY = YES;
				ENABLE_USER_SCRIPT_SANDBOXING = YES;
				GCC_C_LANGUAGE_STANDARD = gnu17;
				GCC_DYNAMIC_NO_PIC = NO;
				GCC_NO_COMMON_BLOCKS = YES;
				GCC_OPTIMIZATION_LEVEL = 0;
				GCC_PREPROCESSOR_DEFINITIONS = (
					"DEBUG=1",
					"$(inherited)",
				);
				GCC_WARN_64_TO_32_BIT_CONVERSION = YES;
				GCC_WARN_ABOUT_RETURN_TYPE = YES_ERROR;
				GCC_WARN_UNDECLARED_SELECTOR = YES;
				GCC_WARN_UNINITIALIZED_AUTOS = YES_AGGRESSIVE;
				GCC_WARN_UNUSED_FUNCTION = YES;
				GCC_WARN_UNUSED_VARIABLE = YES;
				LOCALIZATION_PREFERS_STRING_CATALOGS = YES;
				MACOSX_DEPLOYMENT_TARGET = 15.2;
				MTL_ENABLE_DEBUG_INFO = INCLUDE_SOURCE;
				MTL_FAST_MATH = YES;
				ONLY_ACTIVE_ARCH = YES;
				SDKROOT = macosx;
				SWIFT_ACTIVE_COMPILATION_CONDITIONS = "DEBUG $(inherited)";
				SWIFT_OPTIMIZATION_LEVEL = "-Onone";
			};
			name = Debug;
		};
		DEB5C6B62D64C81C00FA55B1 /* Release */ = {
			isa = XCBuildConfiguration;
			buildSettings = {
				ALWAYS_SEARCH_USER_PATHS = NO;
				ASSETCATALOG_COMPILER_GENERATE_SWIFT_ASSET_SYMBOL_EXTENSIONS = YES;
				CLANG_ANALYZER_NONNULL = YES;
				CLANG_ANALYZER_NUMBER_OBJECT_CONVERSION = YES_AGGRESSIVE;
				CLANG_CXX_LANGUAGE_STANDARD = "gnu++20";
				CLANG_ENABLE_MODULES = YES;
				CLANG_ENABLE_OBJC_ARC = YES;
				CLANG_ENABLE_OBJC_WEAK = YES;
				CLANG_WARN_BLOCK_CAPTURE_AUTORELEASING = YES;
				CLANG_WARN_BOOL_CONVERSION = YES;
				CLANG_WARN_COMMA = YES;
				CLANG_WARN_CONSTANT_CONVERSION = YES;
				CLANG_WARN_DEPRECATED_OBJC_IMPLEMENTATIONS = YES;
				CLANG_WARN_DIRECT_OBJC_ISA_USAGE = YES_ERROR;
				CLANG_WARN_DOCUMENTATION_COMMENTS = YES;
				CLANG_WARN_EMPTY_BODY = YES;
				CLANG_WARN_ENUM_CONVERSION = YES;
				CLANG_WARN_INFINITE_RECURSION = YES;
				CLANG_WARN_INT_CONVERSION = YES;
				CLANG_WARN_NON_LITERAL_NULL_CONVERSION = YES;
				CLANG_WARN_OBJC_IMPLICIT_RETAIN_SELF = YES;
				CLANG_WARN_OBJC_LITERAL_CONVERSION = YES;
				CLANG_WARN_OBJC_ROOT_CLASS = YES_ERROR;
				CLANG_WARN_QUOTED_INCLUDE_IN_FRAMEWORK_HEADER = YES;
				CLANG_WARN_RANGE_LOOP_ANALYSIS = YES;
				CLANG_WARN_STRICT_PROTOTYPES = YES;
				CLANG_WARN_SUSPICIOUS_MOVE = YES;
				CLANG_WARN_UNGUARDED_AVAILABILITY = YES_AGGRESSIVE;
				CLANG_WARN_UNREACHABLE_CODE = YES;
				CLANG_WARN__DUPLICATE_METHOD_MATCH = YES;
				COPY_PHASE_STRIP = NO;
				DEBUG_INFORMATION_FORMAT = "dwarf-with-dsym";
				ENABLE_NS_ASSERTIONS = NO;
				ENABLE_STRICT_OBJC_MSGSEND = YES;
				ENABLE_USER_SCRIPT_SANDBOXING = YES;
				GCC_C_LANGUAGE_STANDARD = gnu17;
				GCC_NO_COMMON_BLOCKS = YES;
				GCC_WARN_64_TO_32_BIT_CONVERSION = YES;
				GCC_WARN_ABOUT_RETURN_TYPE = YES_ERROR;
				GCC_WARN_UNDECLARED_SELECTOR = YES;
				GCC_WARN_UNINITIALIZED_AUTOS = YES_AGGRESSIVE;
				GCC_WARN_UNUSED_FUNCTION = YES;
				GCC_WARN_UNUSED_VARIABLE = YES;
				LOCALIZATION_PREFERS_STRING_CATALOGS = YES;
				MACOSX_DEPLOYMENT_TARGET = 15.2;
				MTL_ENABLE_DEBUG_INFO = NO;
				MTL_FAST_MATH = YES;
				SDKROOT = macosx;
				SWIFT_COMPILATION_MODE = wholemodule;
			};
			name = Release;
		};
		DEB5C6B82D64C81C00FA55B1 /* Debug */ = {
			isa = XCBuildConfiguration;
			buildSettings = {
				ASSETCATALOG_COMPILER_APPICON_NAME = AppIcon;
				ASSETCATALOG_COMPILER_GLOBAL_ACCENT_COLOR_NAME = AccentColor;
				CODE_SIGN_ENTITLEMENTS = ClipboardAI/ClipboardAI.entitlements;
				CODE_SIGN_IDENTITY = "Apple Development";
				"CODE_SIGN_IDENTITY[sdk=macosx*]" = "Apple Development";
				CODE_SIGN_STYLE = Automatic;
				COMBINE_HIDPI_IMAGES = YES;
				CURRENT_PROJECT_VERSION = 1;
				DEVELOPMENT_ASSET_PATHS = "\"ClipboardAI/Preview Content\"";
				DEVELOPMENT_TEAM = YH6Q229WG8;
				ENABLE_HARDENED_RUNTIME = YES;
				ENABLE_PREVIEWS = YES;
				GENERATE_INFOPLIST_FILE = YES;
				INFOPLIST_KEY_CFBundleDisplayName = "";
				INFOPLIST_KEY_LSUIElement = YES;
				INFOPLIST_KEY_NSHumanReadableCopyright = "";
				LD_RUNPATH_SEARCH_PATHS = (
					"$(inherited)",
					"@executable_path/../Frameworks",
				);
				MARKETING_VERSION = 1.0;
				PRODUCT_BUNDLE_IDENTIFIER = com.muua.ClipboardAI;
				PRODUCT_NAME = "$(TARGET_NAME)";
				PROVISIONING_PROFILE_SPECIFIER = "";
				SWIFT_EMIT_LOC_STRINGS = YES;
				SWIFT_VERSION = 5.0;
			};
			name = Debug;
		};
		DEB5C6B92D64C81C00FA55B1 /* Release */ = {
			isa = XCBuildConfiguration;
			buildSettings = {
				ASSETCATALOG_COMPILER_APPICON_NAME = AppIcon;
				ASSETCATALOG_COMPILER_GLOBAL_ACCENT_COLOR_NAME = AccentColor;
				CODE_SIGN_ENTITLEMENTS = ClipboardAI/ClipboardAI.entitlements;
				CODE_SIGN_IDENTITY = "Apple Development";
				"CODE_SIGN_IDENTITY[sdk=macosx*]" = "Apple Development";
				CODE_SIGN_STYLE = Automatic;
				COMBINE_HIDPI_IMAGES = YES;
				CURRENT_PROJECT_VERSION = 1;
				DEVELOPMENT_ASSET_PATHS = "\"ClipboardAI/Preview Content\"";
				DEVELOPMENT_TEAM = YH6Q229WG8;
				ENABLE_HARDENED_RUNTIME = YES;
				ENABLE_PREVIEWS = YES;
				GENERATE_INFOPLIST_FILE = YES;
				INFOPLIST_KEY_CFBundleDisplayName = "";
				INFOPLIST_KEY_LSUIElement = YES;
				INFOPLIST_KEY_NSHumanReadableCopyright = "";
				LD_RUNPATH_SEARCH_PATHS = (
					"$(inherited)",
					"@executable_path/../Frameworks",
				);
				MARKETING_VERSION = 1.0;
				PRODUCT_BUNDLE_IDENTIFIER = com.muua.ClipboardAI;
				PRODUCT_NAME = "$(TARGET_NAME)";
				PROVISIONING_PROFILE_SPECIFIER = "";
				SWIFT_EMIT_LOC_STRINGS = YES;
				SWIFT_VERSION = 5.0;
			};
			name = Release;
		};
		DEB5C6BB2D64C81C00FA55B1 /* Debug */ = {
			isa = XCBuildConfiguration;
			buildSettings = {
				BUNDLE_LOADER = "$(TEST_HOST)";
				CODE_SIGN_STYLE = Automatic;
				CURRENT_PROJECT_VERSION = 1;
				GENERATE_INFOPLIST_FILE = YES;
				MACOSX_DEPLOYMENT_TARGET = 15.2;
				MARKETING_VERSION = 1.0;
				PRODUCT_BUNDLE_IDENTIFIER = com.muua.ClipboardAITests;
				PRODUCT_NAME = "$(TARGET_NAME)";
				SWIFT_EMIT_LOC_STRINGS = NO;
				SWIFT_VERSION = 5.0;
				TEST_HOST = "$(BUILT_PRODUCTS_DIR)/ClipboardAI.app/$(BUNDLE_EXECUTABLE_FOLDER_PATH)/ClipboardAI";
			};
			name = Debug;
		};
		DEB5C6BC2D64C81C00FA55B1 /* Release */ = {
			isa = XCBuildConfiguration;
			buildSettings = {
				BUNDLE_LOADER = "$(TEST_HOST)";
				CODE_SIGN_STYLE = Automatic;
				CURRENT_PROJECT_VERSION = 1;
				GENERATE_INFOPLIST_FILE = YES;
				MACOSX_DEPLOYMENT_TARGET = 15.2;
				MARKETING_VERSION = 1.0;
				PRODUCT_BUNDLE_IDENTIFIER = com.muua.ClipboardAITests;
				PRODUCT_NAME = "$(TARGET_NAME)";
				SWIFT_EMIT_LOC_STRINGS = NO;
				SWIFT_VERSION = 5.0;
				TEST_HOST = "$(BUILT_PRODUCTS_DIR)/ClipboardAI.app/$(BUNDLE_EXECUTABLE_FOLDER_PATH)/ClipboardAI";
			};
			name = Release;
		};
		DEB5C6BE2D64C81C00FA55B1 /* Debug */ = {
			isa = XCBuildConfiguration;
			buildSettings = {
				CODE_SIGN_STYLE = Automatic;
				CURRENT_PROJECT_VERSION = 1;
				GENERATE_INFOPLIST_FILE = YES;
				MARKETING_VERSION = 1.0;
				PRODUCT_BUNDLE_IDENTIFIER = com.muua.ClipboardAIUITests;
				PRODUCT_NAME = "$(TARGET_NAME)";
				SWIFT_EMIT_LOC_STRINGS = NO;
				SWIFT_VERSION = 5.0;
				TEST_TARGET_NAME = ClipboardAI;
			};
			name = Debug;
		};
		DEB5C6BF2D64C81C00FA55B1 /* Release */ = {
			isa = XCBuildConfiguration;
			buildSettings = {
				CODE_SIGN_STYLE = Automatic;
				CURRENT_PROJECT_VERSION = 1;
				GENERATE_INFOPLIST_FILE = YES;
				MARKETING_VERSION = 1.0;
				PRODUCT_BUNDLE_IDENTIFIER = com.muua.ClipboardAIUITests;
				PRODUCT_NAME = "$(TARGET_NAME)";
				SWIFT_EMIT_LOC_STRINGS = NO;
				SWIFT_VERSION = 5.0;
				TEST_TARGET_NAME = ClipboardAI;
			};
			name = Release;
		};
/* End XCBuildConfiguration section */

/* Begin XCConfigurationList section */
		DEB5C68D2D64C81B00FA55B1 /* Build configuration list for PBXProject "ClipboardAI" */ = {
			isa = XCConfigurationList;
			buildConfigurations = (
				DEB5C6B52D64C81C00FA55B1 /* Debug */,
				DEB5C6B62D64C81C00FA55B1 /* Release */,
			);
			defaultConfigurationIsVisible = 0;
			defaultConfigurationName = Release;
		};
		DEB5C6B72D64C81C00FA55B1 /* Build configuration list for PBXNativeTarget "ClipboardAI" */ = {
			isa = XCConfigurationList;
			buildConfigurations = (
				DEB5C6B82D64C81C00FA55B1 /* Debug */,
				DEB5C6B92D64C81C00FA55B1 /* Release */,
			);
			defaultConfigurationIsVisible = 0;
			defaultConfigurationName = Release;
		};
		DEB5C6BA2D64C81C00FA55B1 /* Build configuration list for PBXNativeTarget "ClipboardAITests" */ = {
			isa = XCConfigurationList;
			buildConfigurations = (
				DEB5C6BB2D64C81C00FA55B1 /* Debug */,
				DEB5C6BC2D64C81C00FA55B1 /* Release */,
			);
			defaultConfigurationIsVisible = 0;
			defaultConfigurationName = Release;
		};
		DEB5C6BD2D64C81C00FA55B1 /* Build configuration list for PBXNativeTarget "ClipboardAIUITests" */ = {
			isa = XCConfigurationList;
			buildConfigurations = (
				DEB5C6BE2D64C81C00FA55B1 /* Debug */,
				DEB5C6BF2D64C81C00FA55B1 /* Release */,
			);
			defaultConfigurationIsVisible = 0;
			defaultConfigurationName = Release;
		};
/* End XCConfigurationList section */

/* Begin XCRemoteSwiftPackageReference section */
		DEB5C6C42D64D0BD00FA55B1 /* XCRemoteSwiftPackageReference "generative-ai-swift" */ = {
			isa = XCRemoteSwiftPackageReference;
			repositoryURL = "https://github.com/google/generative-ai-swift";
			requirement = {
				kind = upToNextMajorVersion;
				minimumVersion = 0.5.6;
			};
		};
/* End XCRemoteSwiftPackageReference section */

/* Begin XCSwiftPackageProductDependency section */
		DEB5C6C52D64D0BD00FA55B1 /* GoogleGenerativeAI */ = {
			isa = XCSwiftPackageProductDependency;
			package = DEB5C6C42D64D0BD00FA55B1 /* XCRemoteSwiftPackageReference "generative-ai-swift" */;
			productName = GoogleGenerativeAI;
		};
/* End XCSwiftPackageProductDependency section */
	};
	rootObject = DEB5C68A2D64C81B00FA55B1 /* Project object */;
}
